// !$*UTF8*$!
{
	archiveVersion = 1;
	classes = {
	};
	objectVersion = 46;
	objects = {

/* Begin PBXBuildFile section */
		8E7B107B1EDACBF200322F13 /* AppDelegate.swift in Sources */ = {isa = PBXBuildFile; fileRef = 8E7B107A1EDACBF200322F13 /* AppDelegate.swift */; };
		8E7B107D1EDACBF200322F13 /* ViewController.swift in Sources */ = {isa = PBXBuildFile; fileRef = 8E7B107C1EDACBF200322F13 /* ViewController.swift */; };
		8E7B10801EDACBF200322F13 /* Main.storyboard in Resources */ = {isa = PBXBuildFile; fileRef = 8E7B107E1EDACBF200322F13 /* Main.storyboard */; };
		8E7B10821EDACBF200322F13 /* Assets.xcassets in Resources */ = {isa = PBXBuildFile; fileRef = 8E7B10811EDACBF200322F13 /* Assets.xcassets */; };
		8E7B10851EDACBF200322F13 /* LaunchScreen.storyboard in Resources */ = {isa = PBXBuildFile; fileRef = 8E7B10831EDACBF200322F13 /* LaunchScreen.storyboard */; };
		8E7B10901EDACBF200322F13 /* help_meTests.swift in Sources */ = {isa = PBXBuildFile; fileRef = 8E7B108F1EDACBF200322F13 /* help_meTests.swift */; };
/* End PBXBuildFile section */

/* Begin PBXContainerItemProxy section */
		8E7B108C1EDACBF200322F13 /* PBXContainerItemProxy */ = {
			isa = PBXContainerItemProxy;
			containerPortal = 8E7B106F1EDACBF100322F13 /* Project object */;
			proxyType = 1;
			remoteGlobalIDString = 8E7B10761EDACBF200322F13;
			remoteInfo = help_me;
		};
/* End PBXContainerItemProxy section */

/* Begin PBXFileReference section */
		8E7B10771EDACBF200322F13 /* help_me.app */ = {isa = PBXFileReference; explicitFileType = wrapper.application; includeInIndex = 0; path = help_me.app; sourceTree = BUILT_PRODUCTS_DIR; };
		8E7B107A1EDACBF200322F13 /* AppDelegate.swift */ = {isa = PBXFileReference; lastKnownFileType = sourcecode.swift; path = AppDelegate.swift; sourceTree = "<group>"; };
		8E7B107C1EDACBF200322F13 /* ViewController.swift */ = {isa = PBXFileReference; lastKnownFileType = sourcecode.swift; path = ViewController.swift; sourceTree = "<group>"; };
		8E7B107F1EDACBF200322F13 /* Base */ = {isa = PBXFileReference; lastKnownFileType = file.storyboard; name = Base; path = Base.lproj/Main.storyboard; sourceTree = "<group>"; };
		8E7B10811EDACBF200322F13 /* Assets.xcassets */ = {isa = PBXFileReference; lastKnownFileType = folder.assetcatalog; path = Assets.xcassets; sourceTree = "<group>"; };
		8E7B10841EDACBF200322F13 /* Base */ = {isa = PBXFileReference; lastKnownFileType = file.storyboard; name = Base; path = Base.lproj/LaunchScreen.storyboard; sourceTree = "<group>"; };
		8E7B10861EDACBF200322F13 /* Info.plist */ = {isa = PBXFileReference; lastKnownFileType = text.plist.xml; path = Info.plist; sourceTree = "<group>"; };
		8E7B108B1EDACBF200322F13 /* help_meTests.xctest */ = {isa = PBXFileReference; explicitFileType = wrapper.cfbundle; includeInIndex = 0; path = help_meTests.xctest; sourceTree = BUILT_PRODUCTS_DIR; };
		8E7B108F1EDACBF200322F13 /* help_meTests.swift */ = {isa = PBXFileReference; lastKnownFileType = sourcecode.swift; path = help_meTests.swift; sourceTree = "<group>"; };
		8E7B10911EDACBF200322F13 /* Info.plist */ = {isa = PBXFileReference; lastKnownFileType = text.plist.xml; path = Info.plist; sourceTree = "<group>"; };
/* End PBXFileReference section */

/* Begin PBXFrameworksBuildPhase section */
		8E7B10741EDACBF200322F13 /* Frameworks */ = {
			isa = PBXFrameworksBuildPhase;
			buildActionMask = 2147483647;
			files = (
			);
			runOnlyForDeploymentPostprocessing = 0;
		};
		8E7B10881EDACBF200322F13 /* Frameworks */ = {
			isa = PBXFrameworksBuildPhase;
			buildActionMask = 2147483647;
			files = (
			);
			runOnlyForDeploymentPostprocessing = 0;
		};
/* End PBXFrameworksBuildPhase section */

/* Begin PBXGroup section */
		8E7B106E1EDACBF100322F13 = {
			isa = PBXGroup;
			children = (
				8E7B10791EDACBF200322F13 /* help_me */,
				8E7B108E1EDACBF200322F13 /* help_meTests */,
				8E7B10781EDACBF200322F13 /* Products */,
			);
			sourceTree = "<group>";
		};
		8E7B10781EDACBF200322F13 /* Products */ = {
			isa = PBXGroup;
			children = (
				8E7B10771EDACBF200322F13 /* help_me.app */,
				8E7B108B1EDACBF200322F13 /* help_meTests.xctest */,
			);
			name = Products;
			sourceTree = "<group>";
		};
		8E7B10791EDACBF200322F13 /* help_me */ = {
			isa = PBXGroup;
			children = (
				8E7B107A1EDACBF200322F13 /* AppDelegate.swift */,
				8E7B107C1EDACBF200322F13 /* ViewController.swift */,
				8E7B107E1EDACBF200322F13 /* Main.storyboard */,
				8E7B10811EDACBF200322F13 /* Assets.xcassets */,
				8E7B10831EDACBF200322F13 /* LaunchScreen.storyboard */,
				8E7B10861EDACBF200322F13 /* Info.plist */,
			);
			path = help_me;
			sourceTree = "<group>";
		};
		8E7B108E1EDACBF200322F13 /* help_meTests */ = {
			isa = PBXGroup;
			children = (
				8E7B108F1EDACBF200322F13 /* help_meTests.swift */,
				8E7B10911EDACBF200322F13 /* Info.plist */,
			);
			path = help_meTests;
			sourceTree = "<group>";
		};
/* End PBXGroup section */

/* Begin PBXNativeTarget section */
		8E7B10761EDACBF200322F13 /* help_me */ = {
			isa = PBXNativeTarget;
			buildConfigurationList = 8E7B10941EDACBF200322F13 /* Build configuration list for PBXNativeTarget "help_me" */;
			buildPhases = (
				8E7B10731EDACBF200322F13 /* Sources */,
				8E7B10741EDACBF200322F13 /* Frameworks */,
				8E7B10751EDACBF200322F13 /* Resources */,
			);
			buildRules = (
			);
			dependencies = (
			);
			name = help_me;
			productName = help_me;
			productReference = 8E7B10771EDACBF200322F13 /* help_me.app */;
			productType = "com.apple.product-type.application";
		};
		8E7B108A1EDACBF200322F13 /* help_meTests */ = {
			isa = PBXNativeTarget;
			buildConfigurationList = 8E7B10971EDACBF200322F13 /* Build configuration list for PBXNativeTarget "help_meTests" */;
			buildPhases = (
				8E7B10871EDACBF200322F13 /* Sources */,
				8E7B10881EDACBF200322F13 /* Frameworks */,
				8E7B10891EDACBF200322F13 /* Resources */,
			);
			buildRules = (
			);
			dependencies = (
				8E7B108D1EDACBF200322F13 /* PBXTargetDependency */,
			);
			name = help_meTests;
			productName = help_meTests;
			productReference = 8E7B108B1EDACBF200322F13 /* help_meTests.xctest */;
			productType = "com.apple.product-type.bundle.unit-test";
		};
/* End PBXNativeTarget section */

/* Begin PBXProject section */
		8E7B106F1EDACBF100322F13 /* Project object */ = {
			isa = PBXProject;
			attributes = {
				LastSwiftUpdateCheck = 0820;
				LastUpgradeCheck = 0820;
				ORGANIZATIONNAME = yoshiisland;
				TargetAttributes = {
					8E7B10761EDACBF200322F13 = {
						CreatedOnToolsVersion = 8.2.1;
						ProvisioningStyle = Automatic;
					};
					8E7B108A1EDACBF200322F13 = {
						CreatedOnToolsVersion = 8.2.1;
						ProvisioningStyle = Automatic;
						TestTargetID = 8E7B10761EDACBF200322F13;
					};
				};
			};
			buildConfigurationList = 8E7B10721EDACBF100322F13 /* Build configuration list for PBXProject "help_me" */;
			compatibilityVersion = "Xcode 3.2";
			developmentRegion = English;
			hasScannedForEncodings = 0;
			knownRegions = (
				en,
				Base,
			);
			mainGroup = 8E7B106E1EDACBF100322F13;
			productRefGroup = 8E7B10781EDACBF200322F13 /* Products */;
			projectDirPath = "";
			projectRoot = "";
			targets = (
				8E7B10761EDACBF200322F13 /* help_me */,
				8E7B108A1EDACBF200322F13 /* help_meTests */,
			);
		};
/* End PBXProject section */

/* Begin PBXResourcesBuildPhase section */
		8E7B10751EDACBF200322F13 /* Resources */ = {
			isa = PBXResourcesBuildPhase;
			buildActionMask = 2147483647;
			files = (
				8E7B10851EDACBF200322F13 /* LaunchScreen.storyboard in Resources */,
				8E7B10821EDACBF200322F13 /* Assets.xcassets in Resources */,
				8E7B10801EDACBF200322F13 /* Main.storyboard in Resources */,
			);
			runOnlyForDeploymentPostprocessing = 0;
		};
		8E7B10891EDACBF200322F13 /* Resources */ = {
			isa = PBXResourcesBuildPhase;
			buildActionMask = 2147483647;
			files = (
			);
			runOnlyForDeploymentPostprocessing = 0;
		};
/* End PBXResourcesBuildPhase section */

/* Begin PBXSourcesBuildPhase section */
		8E7B10731EDACBF200322F13 /* Sources */ = {
			isa = PBXSourcesBuildPhase;
			buildActionMask = 2147483647;
			files = (
				8E7B107D1EDACBF200322F13 /* ViewController.swift in Sources */,
				8E7B107B1EDACBF200322F13 /* AppDelegate.swift in Sources */,
			);
			runOnlyForDeploymentPostprocessing = 0;
		};
		8E7B10871EDACBF200322F13 /* Sources */ = {
			isa = PBXSourcesBuildPhase;
			buildActionMask = 2147483647;
			files = (
				8E7B10901EDACBF200322F13 /* help_meTests.swift in Sources */,
			);
			runOnlyForDeploymentPostprocessing = 0;
		};
/* End PBXSourcesBuildPhase section */

/* Begin PBXTargetDependency section */
		8E7B108D1EDACBF200322F13 /* PBXTargetDependency */ = {
			isa = PBXTargetDependency;
			target = 8E7B10761EDACBF200322F13 /* help_me */;
			targetProxy = 8E7B108C1EDACBF200322F13 /* PBXContainerItemProxy */;
		};
/* End PBXTargetDependency section */

/* Begin PBXVariantGroup section */
		8E7B107E1EDACBF200322F13 /* Main.storyboard */ = {
			isa = PBXVariantGroup;
			children = (
				8E7B107F1EDACBF200322F13 /* Base */,
			);
			name = Main.storyboard;
			sourceTree = "<group>";
		};
		8E7B10831EDACBF200322F13 /* LaunchScreen.storyboard */ = {
			isa = PBXVariantGroup;
			children = (
				8E7B10841EDACBF200322F13 /* Base */,
			);
			name = LaunchScreen.storyboard;
			sourceTree = "<group>";
		};
/* End PBXVariantGroup section */

/* Begin XCBuildConfiguration section */
		8E7B10921EDACBF200322F13 /* Debug */ = {
			isa = XCBuildConfiguration;
			buildSettings = {
				ALWAYS_SEARCH_USER_PATHS = NO;
				CLANG_ANALYZER_NONNULL = YES;
				CLANG_CXX_LANGUAGE_STANDARD = "gnu++0x";
				CLANG_CXX_LIBRARY = "libc++";
				CLANG_ENABLE_MODULES = YES;
				CLANG_ENABLE_OBJC_ARC = YES;
				CLANG_WARN_BOOL_CONVERSION = YES;
				CLANG_WARN_CONSTANT_CONVERSION = YES;
				CLANG_WARN_DIRECT_OBJC_ISA_USAGE = YES_ERROR;
				CLANG_WARN_DOCUMENTATION_COMMENTS = YES;
				CLANG_WARN_EMPTY_BODY = YES;
				CLANG_WARN_ENUM_CONVERSION = YES;
				CLANG_WARN_INFINITE_RECURSION = YES;
				CLANG_WARN_INT_CONVERSION = YES;
				CLANG_WARN_OBJC_ROOT_CLASS = YES_ERROR;
				CLANG_WARN_SUSPICIOUS_MOVE = YES;
				CLANG_WARN_UNREACHABLE_CODE = YES;
				CLANG_WARN__DUPLICATE_METHOD_MATCH = YES;
				"CODE_SIGN_IDENTITY[sdk=iphoneos*]" = "iPhone Developer";
				COPY_PHASE_STRIP = NO;
				DEBUG_INFORMATION_FORMAT = dwarf;
				ENABLE_STRICT_OBJC_MSGSEND = YES;
				ENABLE_TESTABILITY = YES;
				GCC_C_LANGUAGE_STANDARD = gnu99;
				GCC_DYNAMIC_NO_PIC = NO;
				GCC_NO_COMMON_BLOCKS = YES;
				GCC_OPTIMIZATION_LEVEL = 0;
				GCC_PREPROCESSOR_DEFINITIONS = (
					"DEBUG=1",
					"$(inherited)",
				);
				GCC_WARN_64_TO_32_BIT_CONVERSION = YES;
				GCC_WARN_ABOUT_RETURN_TYPE = YES_ERROR;
				GCC_WARN_UNDECLARED_SELECTOR = YES;
				GCC_WARN_UNINITIALIZED_AUTOS = YES_AGGRESSIVE;
				GCC_WARN_UNUSED_FUNCTION = YES;
				GCC_WARN_UNUSED_VARIABLE = YES;
				IPHONEOS_DEPLOYMENT_TARGET = 10.2;
				MTL_ENABLE_DEBUG_INFO = YES;
				ONLY_ACTIVE_ARCH = YES;
				SDKROOT = iphoneos;
				SWIFT_ACTIVE_COMPILATION_CONDITIONS = DEBUG;
				SWIFT_OPTIMIZATION_LEVEL = "-Onone";
				TARGETED_DEVICE_FAMILY = "1,2";
			};
			name = Debug;
		};
		8E7B10931EDACBF200322F13 /* Release */ = {
			isa = XCBuildConfiguration;
			buildSettings = {
				ALWAYS_SEARCH_USER_PATHS = NO;
				CLANG_ANALYZER_NONNULL = YES;
				CLANG_CXX_LANGUAGE_STANDARD = "gnu++0x";
				CLANG_CXX_LIBRARY = "libc++";
				CLANG_ENABLE_MODULES = YES;
				CLANG_ENABLE_OBJC_ARC = YES;
				CLANG_WARN_BOOL_CONVERSION = YES;
				CLANG_WARN_CONSTANT_CONVERSION = YES;
				CLANG_WARN_DIRECT_OBJC_ISA_USAGE = YES_ERROR;
				CLANG_WARN_DOCUMENTATION_COMMENTS = YES;
				CLANG_WARN_EMPTY_BODY = YES;
				CLANG_WARN_ENUM_CONVERSION = YES;
				CLANG_WARN_INFINITE_RECURSION = YES;
				CLANG_WARN_INT_CONVERSION = YES;
				CLANG_WARN_OBJC_ROOT_CLASS = YES_ERROR;
				CLANG_WARN_SUSPICIOUS_MOVE = YES;
				CLANG_WARN_UNREACHABLE_CODE = YES;
				CLANG_WARN__DUPLICATE_METHOD_MATCH = YES;
				"CODE_SIGN_IDENTITY[sdk=iphoneos*]" = "iPhone Developer";
				COPY_PHASE_STRIP = NO;
				DEBUG_INFORMATION_FORMAT = "dwarf-with-dsym";
				ENABLE_NS_ASSERTIONS = NO;
				ENABLE_STRICT_OBJC_MSGSEND = YES;
				GCC_C_LANGUAGE_STANDARD = gnu99;
				GCC_NO_COMMON_BLOCKS = YES;
				GCC_WARN_64_TO_32_BIT_CONVERSION = YES;
				GCC_WARN_ABOUT_RETURN_TYPE = YES_ERROR;
				GCC_WARN_UNDECLARED_SELECTOR = YES;
				GCC_WARN_UNINITIALIZED_AUTOS = YES_AGGRESSIVE;
				GCC_WARN_UNUSED_FUNCTION = YES;
				GCC_WARN_UNUSED_VARIABLE = YES;
				IPHONEOS_DEPLOYMENT_TARGET = 10.2;
				MTL_ENABLE_DEBUG_INFO = NO;
				SDKROOT = iphoneos;
				SWIFT_OPTIMIZATION_LEVEL = "-Owholemodule";
				TARGETED_DEVICE_FAMILY = "1,2";
				VALIDATE_PRODUCT = YES;
			};
			name = Release;
		};
		8E7B10951EDACBF200322F13 /* Debug */ = {
			isa = XCBuildConfiguration;
			buildSettings = {
				ASSETCATALOG_COMPILER_APPICON_NAME = AppIcon;
				INFOPLIST_FILE = help_me/Info.plist;
				LD_RUNPATH_SEARCH_PATHS = "$(inherited) @executable_path/Frameworks";
				PRODUCT_BUNDLE_IDENTIFIER = "yoshiisland.help-me";
				PRODUCT_NAME = "$(TARGET_NAME)";
				SWIFT_VERSION = 3.0;
			};
			name = Debug;
		};
		8E7B10961EDACBF200322F13 /* Release */ = {
			isa = XCBuildConfiguration;
			buildSettings = {
				ASSETCATALOG_COMPILER_APPICON_NAME = AppIcon;
				INFOPLIST_FILE = help_me/Info.plist;
				LD_RUNPATH_SEARCH_PATHS = "$(inherited) @executable_path/Frameworks";
				PRODUCT_BUNDLE_IDENTIFIER = "yoshiisland.help-me";
				PRODUCT_NAME = "$(TARGET_NAME)";
				SWIFT_VERSION = 3.0;
			};
			name = Release;
		};
		8E7B10981EDACBF200322F13 /* Debug */ = {
			isa = XCBuildConfiguration;
			buildSettings = {
				ALWAYS_EMBED_SWIFT_STANDARD_LIBRARIES = YES;
				BUNDLE_LOADER = "$(TEST_HOST)";
				INFOPLIST_FILE = help_meTests/Info.plist;
				LD_RUNPATH_SEARCH_PATHS = "$(inherited) @executable_path/Frameworks @loader_path/Frameworks";
				PRODUCT_BUNDLE_IDENTIFIER = "yoshiisland.help-meTests";
				PRODUCT_NAME = "$(TARGET_NAME)";
				SWIFT_VERSION = 3.0;
				TEST_HOST = "$(BUILT_PRODUCTS_DIR)/help_me.app/help_me";
			};
			name = Debug;
		};
		8E7B10991EDACBF200322F13 /* Release */ = {
			isa = XCBuildConfiguration;
			buildSettings = {
				ALWAYS_EMBED_SWIFT_STANDARD_LIBRARIES = YES;
				BUNDLE_LOADER = "$(TEST_HOST)";
				INFOPLIST_FILE = help_meTests/Info.plist;
				LD_RUNPATH_SEARCH_PATHS = "$(inherited) @executable_path/Frameworks @loader_path/Frameworks";
				PRODUCT_BUNDLE_IDENTIFIER = "yoshiisland.help-meTests";
				PRODUCT_NAME = "$(TARGET_NAME)";
				SWIFT_VERSION = 3.0;
				TEST_HOST = "$(BUILT_PRODUCTS_DIR)/help_me.app/help_me";
			};
			name = Release;
		};
/* End XCBuildConfiguration section */

/* Begin XCConfigurationList section */
		8E7B10721EDACBF100322F13 /* Build configuration list for PBXProject "help_me" */ = {
			isa = XCConfigurationList;
			buildConfigurations = (
				8E7B10921EDACBF200322F13 /* Debug */,
				8E7B10931EDACBF200322F13 /* Release */,
			);
			defaultConfigurationIsVisible = 0;
			defaultConfigurationName = Release;
		};
		8E7B10941EDACBF200322F13 /* Build configuration list for PBXNativeTarget "help_me" */ = {
			isa = XCConfigurationList;
			buildConfigurations = (
				8E7B10951EDACBF200322F13 /* Debug */,
				8E7B10961EDACBF200322F13 /* Release */,
			);
			defaultConfigurationIsVisible = 0;
		};
		8E7B10971EDACBF200322F13 /* Build configuration list for PBXNativeTarget "help_meTests" */ = {
			isa = XCConfigurationList;
			buildConfigurations = (
				8E7B10981EDACBF200322F13 /* Debug */,
				8E7B10991EDACBF200322F13 /* Release */,
			);
			defaultConfigurationIsVisible = 0;
		};
/* End XCConfigurationList section */
	};
	rootObject = 8E7B106F1EDACBF100322F13 /* Project object */;
}
